{
   "name": "storyteller",
   "lockfileVersion": 2,
   "requires": true,
   "packages": {
      "": {
         "devDependencies": {
            "typescript": "4.4.0-dev.20210520"
         }
      },
      "node_modules/typescript": {
         "version": "4.4.0-dev.20210520",
         "resolved": "https://registry.npmjs.org/typescript/-/typescript-4.4.0-dev.20210520.tgz",
         "integrity": "sha512-vhDj/84jOjVOgW/4cIFJEp6yGpntV35noXVN822ggHc6xj1d4OMz2I0HrIc7zoNpNV3esw9hjLk7SWOHc8bPLw==",
         "dev": true,
         "bin": {
            "tsc": "bin/tsc",
            "tsserver": "bin/tsserver"
         },
         "engines": {
            "node": ">=4.2.0"
         }
      }
   },
   "dependencies": {
      "typescript": {
         "version": "4.4.0-dev.20210520",
         "resolved": "https://registry.npmjs.org/typescript/-/typescript-4.4.0-dev.20210520.tgz",
         "integrity": "sha512-vhDj/84jOjVOgW/4cIFJEp6yGpntV35noXVN822ggHc6xj1d4OMz2I0HrIc7zoNpNV3esw9hjLk7SWOHc8bPLw==",
         "dev": true
      }
   }
}
