{
   "name": "ThatAwkwardMomentWhenYouCodeAnEntireGameFromScratch",
   "lockfileVersion": 2,
   "requires": true,
   "packages": {
      "": {
         "devDependencies": {
            "typescript": "4.4.0-dev.20210607"
         }
      },
      "node_modules/typescript": {
         "version": "4.4.0-dev.20210607",
         "resolved": "https://registry.npmjs.org/typescript/-/typescript-4.4.0-dev.20210607.tgz",
         "integrity": "sha512-tKAp1IL4APSdxD7xHLDU6tIDOEN8yJOTUGG+cSdLunmysl3yOkGrdUbByDaFDmGjKywghGhQvcG8gOqbLUcDcg==",
         "dev": true,
         "bin": {
            "tsc": "bin/tsc",
            "tsserver": "bin/tsserver"
         },
         "engines": {
            "node": ">=4.2.0"
         }
      }
   },
   "dependencies": {
      "typescript": {
         "version": "4.4.0-dev.20210607",
         "resolved": "https://registry.npmjs.org/typescript/-/typescript-4.4.0-dev.20210607.tgz",
         "integrity": "sha512-tKAp1IL4APSdxD7xHLDU6tIDOEN8yJOTUGG+cSdLunmysl3yOkGrdUbByDaFDmGjKywghGhQvcG8gOqbLUcDcg==",
         "dev": true
      }
   }
}
